{
  "name": "ngx-datepicker-material",
  "version": "0.0.1",
  "lockfileVersion": 1,
  "requires": true,
  "dependencies": {
    "@angular/cdk": {
      "version": "7.0.4",
      "resolved": "https://registry.npmjs.org/@angular/cdk/-/cdk-7.0.4.tgz",
      "integrity": "sha512-4KbuiVLonwNwzwgJqKOvjqXfXKrdboPzFwk4vGruQV/EhGh6L8V4gy+ESS4seUuYYsMA9k+ijEeO9xUX+pAcZw==",
      "requires": {
        "parse5": "5.1.0",
        "tslib": "1.9.3"
      }
    },
    "@angular/material": {
      "version": "7.0.4",
      "resolved": "https://registry.npmjs.org/@angular/material/-/material-7.0.4.tgz",
      "integrity": "sha512-LoDtg6srT9WPEn4bsiJqU1uXJ6bd28FtSc7prDYaPb5ogTj1zaur4LWJ7GjPK1haq4rW4W2NMTuayIsqpdGfSA==",
      "requires": {
        "tslib": "1.9.3"
      }
    },
    "moment": {
      "version": "2.22.2",
      "resolved": "https://registry.npmjs.org/moment/-/moment-2.22.2.tgz",
      "integrity": "sha1-PCV/mDn8DpP/UxSWMiOeuQeD/2Y="
    },
    "parse5": {
      "version": "5.1.0",
      "resolved": "https://registry.npmjs.org/parse5/-/parse5-5.1.0.tgz",
      "integrity": "sha512-fxNG2sQjHvlVAYmzBZS9YlDp6PTSSDwa98vkD4QgVDDCAo84z5X1t5XyJQ62ImdLXx5NdIIfihey6xpum9/gRQ==",
      "optional": true
    },
    "tslib": {
      "version": "1.9.3",
      "resolved": "https://registry.npmjs.org/tslib/-/tslib-1.9.3.tgz",
      "integrity": "sha512-4krF8scpejhaOgqzBEcGM7yDIEfi0/8+8zDRZhNZZ2kjmHJ4hv3zCbQWxoJGz1iw5U0Jl0nma13xzHXcncMavQ=="
    }
  }
}
